# THIS IS AN AUTOGENERATED FILE. DO NOT EDIT THIS FILE DIRECTLY.
# yarn lockfile v1


appeweb-grid@^1.2.0:
  version "1.2.0"
  resolved "https://registry.yarnpkg.com/appeweb-grid/-/appeweb-grid-1.2.0.tgz#ed468d021666caec9f838161fa036ebbc6fa0d4b"
  integrity sha512-9lp2l3TNs1MjoECB9AO+RXuRU+a6ZkAdSehDvHW1O9VSvmos8QKJgLWql5utRj+O2MooaLMI6Kgmw6Q5M1FbIQ==
